
Microsoft Visual Studio Solution File, Format Version 12.00
# Visual Studio Version 17
VisualStudioVersion = 17.9.34728.123
MinimumVisualStudioVersion = 10.0.40219.1
Project("{9A19103F-16F7-4668-BE54-9A1E7A4F7556}") = "Assignment 4 - Vending Machine", "Assignment 4 - Vending Machine\Assignment 4 - Vending Machine.csproj", "{3D1A1344-92BF-473D-9A73-14B51E0D3A02}"
EndProject
Project("{FAE04EC0-301F-11D3-BF4B-00C04F79EFBC}") = "VendingMachineTests", "VendingMachineTests\VendingMachineTests.csproj", "{D84D1984-3271-4108-B483-CFC1EA8D8AFC}"
EndProject
Global
	GlobalSection(SolutionConfigurationPlatforms) = preSolution
		Debug|Any CPU = Debug|Any CPU
		Release|Any CPU = Release|Any CPU
	EndGlobalSection
	GlobalSection(ProjectConfigurationPlatforms) = postSolution
		{3D1A1344-92BF-473D-9A73-14B51E0D3A02}.Debug|Any CPU.ActiveCfg = Debug|Any CPU
		{3D1A1344-92BF-473D-9A73-14B51E0D3A02}.Debug|Any CPU.Build.0 = Debug|Any CPU
		{3D1A1344-92BF-473D-9A73-14B51E0D3A02}.Release|Any CPU.ActiveCfg = Release|Any CPU
		{3D1A1344-92BF-473D-9A73-14B51E0D3A02}.Release|Any CPU.Build.0 = Release|Any CPU
		{D84D1984-3271-4108-B483-CFC1EA8D8AFC}.Debug|Any CPU.ActiveCfg = Debug|Any CPU
		{D84D1984-3271-4108-B483-CFC1EA8D8AFC}.Debug|Any CPU.Build.0 = Debug|Any CPU
		{D84D1984-3271-4108-B483-CFC1EA8D8AFC}.Release|Any CPU.ActiveCfg = Release|Any CPU
		{D84D1984-3271-4108-B483-CFC1EA8D8AFC}.Release|Any CPU.Build.0 = Release|Any CPU
	EndGlobalSection
	GlobalSection(SolutionProperties) = preSolution
		HideSolutionNode = FALSE
	EndGlobalSection
	GlobalSection(ExtensibilityGlobals) = postSolution
		SolutionGuid = {2574E981-3BE5-474C-BE13-4C2B574C85EE}
	EndGlobalSection
EndGlobal
